
Microsoft Visual Studio Solution File, Format Version 12.00
# Visual Studio Version 16
VisualStudioVersion = 16.0.31005.135
MinimumVisualStudioVersion = 10.0.40219.1
Project("{2150E333-8FDC-42A3-9474-1A3956D46DE8}") = "1.Apresentacao", "1.Apresentacao", "{54303767-4349-4DC8-834D-ED66EC7B3EFB}"
EndProject
Project("{2150E333-8FDC-42A3-9474-1A3956D46DE8}") = "3.Dominio", "3.Dominio", "{BFA210B9-67AE-4663-BCAE-428F9C22F096}"
EndProject
Project("{2150E333-8FDC-42A3-9474-1A3956D46DE8}") = "4.Infra", "4.Infra", "{F23EA604-4CA0-4379-8701-E4CFE9B97D08}"
EndProject
Project("{2150E333-8FDC-42A3-9474-1A3956D46DE8}") = "4.1.Data", "4.1.Data", "{EE616FF5-0937-497E-BC20-78445B29F842}"
EndProject
Project("{2150E333-8FDC-42A3-9474-1A3956D46DE8}") = "4.2.Repositorio", "4.2.Repositorio", "{E7756A31-5D97-48B3-895E-7BBBFEA5253D}"
EndProject
Project("{2150E333-8FDC-42A3-9474-1A3956D46DE8}") = "4.3.CrossCuting", "4.3.CrossCuting", "{2ECCCCC7-3650-4D4B-BE2F-8C707ED254AC}"
EndProject
Project("{9A19103F-16F7-4668-BE54-9A1E7A4F7556}") = "SistemaOficinas.Mvc", "src\SistemaOficinas.Mvc\SistemaOficinas.Mvc.csproj", "{24EFC31B-6BA5-478D-858F-D4EC727A7A21}"
EndProject
Project("{9A19103F-16F7-4668-BE54-9A1E7A4F7556}") = "SistemaOficinas.Data", "src\SistemaOficinas.Data\SistemaOficinas.Data.csproj", "{1FA7AF66-485A-4BEA-A52D-D7DF59562D81}"
EndProject
Project("{9A19103F-16F7-4668-BE54-9A1E7A4F7556}") = "SistemaOficinas.Domain", "src\SistemaOficinas.Domain\SistemaOficinas.Domain.csproj", "{F1F7F438-981A-40C5-96A1-611221D8AD20}"
EndProject
Project("{9A19103F-16F7-4668-BE54-9A1E7A4F7556}") = "SistemaOficinas.DomainCore", "src\SistemaOficinas.DomainCore\SistemaOficinas.DomainCore.csproj", "{99D4CAEA-CA27-4238-85EA-2E5DA8F53E4E}"
EndProject
Project("{2150E333-8FDC-42A3-9474-1A3956D46DE8}") = "4.2.Repository", "4.2.Repository", "{D3839D6D-4234-43FE-BD23-0DEF04BBAFF5}"
EndProject
Project("{9A19103F-16F7-4668-BE54-9A1E7A4F7556}") = "SistemaOficinas.Repository", "src\SistemaOficinas.Repository\SistemaOficinas.Repository.csproj", "{9C008219-331E-462B-856D-59D61F5648A1}"
EndProject
Project("{2150E333-8FDC-42A3-9474-1A3956D46DE8}") = "2.Aplicacao", "2.Aplicacao", "{890BC034-1CEF-44CA-AC1A-4832B23493A3}"
EndProject
Project("{FAE04EC0-301F-11D3-BF4B-00C04F79EFBC}") = "SistemaOficinas.Aplicacao", "src\SistemaOficinas.Aplicacao\SistemaOficinas.Aplicacao.csproj", "{7F7FED76-A862-4F28-AB6C-A4A950DCBC12}"
EndProject
Global
	GlobalSection(SolutionConfigurationPlatforms) = preSolution
		Debug|Any CPU = Debug|Any CPU
		Release|Any CPU = Release|Any CPU
	EndGlobalSection
	GlobalSection(ProjectConfigurationPlatforms) = postSolution
		{24EFC31B-6BA5-478D-858F-D4EC727A7A21}.Debug|Any CPU.ActiveCfg = Debug|Any CPU
		{24EFC31B-6BA5-478D-858F-D4EC727A7A21}.Debug|Any CPU.Build.0 = Debug|Any CPU
		{24EFC31B-6BA5-478D-858F-D4EC727A7A21}.Release|Any CPU.ActiveCfg = Release|Any CPU
		{24EFC31B-6BA5-478D-858F-D4EC727A7A21}.Release|Any CPU.Build.0 = Release|Any CPU
		{1FA7AF66-485A-4BEA-A52D-D7DF59562D81}.Debug|Any CPU.ActiveCfg = Debug|Any CPU
		{1FA7AF66-485A-4BEA-A52D-D7DF59562D81}.Debug|Any CPU.Build.0 = Debug|Any CPU
		{1FA7AF66-485A-4BEA-A52D-D7DF59562D81}.Release|Any CPU.ActiveCfg = Release|Any CPU
		{1FA7AF66-485A-4BEA-A52D-D7DF59562D81}.Release|Any CPU.Build.0 = Release|Any CPU
		{F1F7F438-981A-40C5-96A1-611221D8AD20}.Debug|Any CPU.ActiveCfg = Debug|Any CPU
		{F1F7F438-981A-40C5-96A1-611221D8AD20}.Debug|Any CPU.Build.0 = Debug|Any CPU
		{F1F7F438-981A-40C5-96A1-611221D8AD20}.Release|Any CPU.ActiveCfg = Release|Any CPU
		{F1F7F438-981A-40C5-96A1-611221D8AD20}.Release|Any CPU.Build.0 = Release|Any CPU
		{99D4CAEA-CA27-4238-85EA-2E5DA8F53E4E}.Debug|Any CPU.ActiveCfg = Debug|Any CPU
		{99D4CAEA-CA27-4238-85EA-2E5DA8F53E4E}.Debug|Any CPU.Build.0 = Debug|Any CPU
		{99D4CAEA-CA27-4238-85EA-2E5DA8F53E4E}.Release|Any CPU.ActiveCfg = Release|Any CPU
		{99D4CAEA-CA27-4238-85EA-2E5DA8F53E4E}.Release|Any CPU.Build.0 = Release|Any CPU
		{9C008219-331E-462B-856D-59D61F5648A1}.Debug|Any CPU.ActiveCfg = Debug|Any CPU
		{9C008219-331E-462B-856D-59D61F5648A1}.Debug|Any CPU.Build.0 = Debug|Any CPU
		{9C008219-331E-462B-856D-59D61F5648A1}.Release|Any CPU.ActiveCfg = Release|Any CPU
		{9C008219-331E-462B-856D-59D61F5648A1}.Release|Any CPU.Build.0 = Release|Any CPU
		{7F7FED76-A862-4F28-AB6C-A4A950DCBC12}.Debug|Any CPU.ActiveCfg = Debug|Any CPU
		{7F7FED76-A862-4F28-AB6C-A4A950DCBC12}.Debug|Any CPU.Build.0 = Debug|Any CPU
		{7F7FED76-A862-4F28-AB6C-A4A950DCBC12}.Release|Any CPU.ActiveCfg = Release|Any CPU
		{7F7FED76-A862-4F28-AB6C-A4A950DCBC12}.Release|Any CPU.Build.0 = Release|Any CPU
	EndGlobalSection
	GlobalSection(SolutionProperties) = preSolution
		HideSolutionNode = FALSE
	EndGlobalSection
	GlobalSection(NestedProjects) = preSolution
		{EE616FF5-0937-497E-BC20-78445B29F842} = {F23EA604-4CA0-4379-8701-E4CFE9B97D08}
		{E7756A31-5D97-48B3-895E-7BBBFEA5253D} = {F23EA604-4CA0-4379-8701-E4CFE9B97D08}
		{2ECCCCC7-3650-4D4B-BE2F-8C707ED254AC} = {F23EA604-4CA0-4379-8701-E4CFE9B97D08}
		{24EFC31B-6BA5-478D-858F-D4EC727A7A21} = {54303767-4349-4DC8-834D-ED66EC7B3EFB}
		{1FA7AF66-485A-4BEA-A52D-D7DF59562D81} = {EE616FF5-0937-497E-BC20-78445B29F842}
		{F1F7F438-981A-40C5-96A1-611221D8AD20} = {BFA210B9-67AE-4663-BCAE-428F9C22F096}
		{99D4CAEA-CA27-4238-85EA-2E5DA8F53E4E} = {BFA210B9-67AE-4663-BCAE-428F9C22F096}
		{D3839D6D-4234-43FE-BD23-0DEF04BBAFF5} = {F23EA604-4CA0-4379-8701-E4CFE9B97D08}
		{9C008219-331E-462B-856D-59D61F5648A1} = {D3839D6D-4234-43FE-BD23-0DEF04BBAFF5}
		{7F7FED76-A862-4F28-AB6C-A4A950DCBC12} = {890BC034-1CEF-44CA-AC1A-4832B23493A3}
	EndGlobalSection
	GlobalSection(ExtensibilityGlobals) = postSolution
		SolutionGuid = {337F560A-4788-42EB-AAD3-B446EEA0AAB9}
	EndGlobalSection
EndGlobal
